
Microsoft Visual Studio Solution File, Format Version 12.00
# Visual Studio Version 17
VisualStudioVersion = 17.9.34616.47
MinimumVisualStudioVersion = 10.0.40219.1
Project("{9A19103F-16F7-4668-BE54-9A1E7A4F7556}") = "KodtestMio", "KodtestMio.csproj", "{9859F984-5E80-40FD-88E8-160C9E2887FA}"
EndProject
Project("{9A19103F-16F7-4668-BE54-9A1E7A4F7556}") = "KodTestMio.Tests", "KodTestMio.Tests\KodTestMio.Tests.csproj", "{7745BF24-282B-44B9-A2FD-4433E05A9191}"
EndProject
Global
	GlobalSection(SolutionConfigurationPlatforms) = preSolution
		Debug|Any CPU = Debug|Any CPU
		Release|Any CPU = Release|Any CPU
	EndGlobalSection
	GlobalSection(ProjectConfigurationPlatforms) = postSolution
		{9859F984-5E80-40FD-88E8-160C9E2887FA}.Debug|Any CPU.ActiveCfg = Debug|Any CPU
		{9859F984-5E80-40FD-88E8-160C9E2887FA}.Debug|Any CPU.Build.0 = Debug|Any CPU
		{9859F984-5E80-40FD-88E8-160C9E2887FA}.Release|Any CPU.ActiveCfg = Release|Any CPU
		{9859F984-5E80-40FD-88E8-160C9E2887FA}.Release|Any CPU.Build.0 = Release|Any CPU
		{7745BF24-282B-44B9-A2FD-4433E05A9191}.Debug|Any CPU.ActiveCfg = Debug|Any CPU
		{7745BF24-282B-44B9-A2FD-4433E05A9191}.Debug|Any CPU.Build.0 = Debug|Any CPU
		{7745BF24-282B-44B9-A2FD-4433E05A9191}.Release|Any CPU.ActiveCfg = Release|Any CPU
		{7745BF24-282B-44B9-A2FD-4433E05A9191}.Release|Any CPU.Build.0 = Release|Any CPU
	EndGlobalSection
	GlobalSection(SolutionProperties) = preSolution
		HideSolutionNode = FALSE
	EndGlobalSection
	GlobalSection(ExtensibilityGlobals) = postSolution
		SolutionGuid = {F5227184-4F7D-4854-8D03-69516D2DBE69}
	EndGlobalSection
EndGlobal
